
Microsoft Visual Studio Solution File, Format Version 12.00
# Visual Studio Version 16
VisualStudioVersion = 16.0.30804.86
MinimumVisualStudioVersion = 10.0.40219.1
Project("{FAE04EC0-301F-11D3-BF4B-00C04F79EFBC}") = "MyScriptureJournal", "MyScriptureJournal\MyScriptureJournal.csproj", "{35E792BA-06D0-4343-9A45-6FD7BDE7E474}"
EndProject
Global
	GlobalSection(SolutionConfigurationPlatforms) = preSolution
		Debug|Any CPU = Debug|Any CPU
		Release|Any CPU = Release|Any CPU
	EndGlobalSection
	GlobalSection(ProjectConfigurationPlatforms) = postSolution
		{35E792BA-06D0-4343-9A45-6FD7BDE7E474}.Debug|Any CPU.ActiveCfg = Debug|Any CPU
		{35E792BA-06D0-4343-9A45-6FD7BDE7E474}.Debug|Any CPU.Build.0 = Debug|Any CPU
		{35E792BA-06D0-4343-9A45-6FD7BDE7E474}.Release|Any CPU.ActiveCfg = Release|Any CPU
		{35E792BA-06D0-4343-9A45-6FD7BDE7E474}.Release|Any CPU.Build.0 = Release|Any CPU
	EndGlobalSection
	GlobalSection(SolutionProperties) = preSolution
		HideSolutionNode = FALSE
	EndGlobalSection
	GlobalSection(ExtensibilityGlobals) = postSolution
		SolutionGuid = {015BCFEE-4339-49A0-AB24-D2EE7B3F512C}
	EndGlobalSection
EndGlobal
